
Microsoft Visual Studio Solution File, Format Version 12.00
# Visual Studio Version 17
VisualStudioVersion = 17.6.33815.320
MinimumVisualStudioVersion = 10.0.40219.1
Project("{FAE04EC0-301F-11D3-BF4B-00C04F79EFBC}") = "UserLoginLib", "UserLoginLib\UserLoginLib.csproj", "{8F312128-B0E4-4978-A0C6-45B61AA1D317}"
EndProject
Project("{FAE04EC0-301F-11D3-BF4B-00C04F79EFBC}") = "SpecFlowProject1", "SpecFlowProject1\SpecFlowProject1.csproj", "{4F52D8E1-21DD-4641-8078-BB2016D342FD}"
EndProject
Global
	GlobalSection(SolutionConfigurationPlatforms) = preSolution
		Debug|Any CPU = Debug|Any CPU
		Release|Any CPU = Release|Any CPU
	EndGlobalSection
	GlobalSection(ProjectConfigurationPlatforms) = postSolution
		{8F312128-B0E4-4978-A0C6-45B61AA1D317}.Debug|Any CPU.ActiveCfg = Debug|Any CPU
		{8F312128-B0E4-4978-A0C6-45B61AA1D317}.Debug|Any CPU.Build.0 = Debug|Any CPU
		{8F312128-B0E4-4978-A0C6-45B61AA1D317}.Release|Any CPU.ActiveCfg = Release|Any CPU
		{8F312128-B0E4-4978-A0C6-45B61AA1D317}.Release|Any CPU.Build.0 = Release|Any CPU
		{4F52D8E1-21DD-4641-8078-BB2016D342FD}.Debug|Any CPU.ActiveCfg = Debug|Any CPU
		{4F52D8E1-21DD-4641-8078-BB2016D342FD}.Debug|Any CPU.Build.0 = Debug|Any CPU
		{4F52D8E1-21DD-4641-8078-BB2016D342FD}.Release|Any CPU.ActiveCfg = Release|Any CPU
		{4F52D8E1-21DD-4641-8078-BB2016D342FD}.Release|Any CPU.Build.0 = Release|Any CPU
	EndGlobalSection
	GlobalSection(SolutionProperties) = preSolution
		HideSolutionNode = FALSE
	EndGlobalSection
	GlobalSection(ExtensibilityGlobals) = postSolution
		SolutionGuid = {897185ED-2BF9-43B5-9831-3D47A3CAC5F7}
	EndGlobalSection
EndGlobal
